
Microsoft Visual Studio Solution File, Format Version 11.00
# Visual Studio 2010
Project("{FAE04EC0-301F-11D3-BF4B-00C04F79EFBC}") = "AR_Transform", "Assembly-CSharp.csproj", "{B565EA1C-2970-2001-C714-E19F8F1186DF}"
EndProject
Project("{FAE04EC0-301F-11D3-BF4B-00C04F79EFBC}") = "AR_Transform", "Assembly-CSharp-Editor.csproj", "{92A05D6D-0F75-8CE2-A138-03ABF04EB2FB}"
EndProject
Global
	GlobalSection(SolutionConfigurationPlatforms) = preSolution
		Debug|Any CPU = Debug|Any CPU
		Release|Any CPU = Release|Any CPU
	EndGlobalSection
	GlobalSection(ProjectConfigurationPlatforms) = postSolution
		{B565EA1C-2970-2001-C714-E19F8F1186DF}.Debug|Any CPU.ActiveCfg = Debug|Any CPU
		{B565EA1C-2970-2001-C714-E19F8F1186DF}.Debug|Any CPU.Build.0 = Debug|Any CPU
		{B565EA1C-2970-2001-C714-E19F8F1186DF}.Release|Any CPU.ActiveCfg = Release|Any CPU
		{B565EA1C-2970-2001-C714-E19F8F1186DF}.Release|Any CPU.Build.0 = Release|Any CPU
		{92A05D6D-0F75-8CE2-A138-03ABF04EB2FB}.Debug|Any CPU.ActiveCfg = Debug|Any CPU
		{92A05D6D-0F75-8CE2-A138-03ABF04EB2FB}.Debug|Any CPU.Build.0 = Debug|Any CPU
		{92A05D6D-0F75-8CE2-A138-03ABF04EB2FB}.Release|Any CPU.ActiveCfg = Release|Any CPU
		{92A05D6D-0F75-8CE2-A138-03ABF04EB2FB}.Release|Any CPU.Build.0 = Release|Any CPU
	EndGlobalSection
	GlobalSection(SolutionProperties) = preSolution
		HideSolutionNode = FALSE
	EndGlobalSection
	GlobalSection(MonoDevelopProperties) = preSolution
		StartupItem = Assembly-CSharp.csproj
	EndGlobalSection
EndGlobal
